
Microsoft Visual Studio Solution File, Format Version 12.00
# Visual Studio 15
VisualStudioVersion = 15.0.28010.2041
MinimumVisualStudioVersion = 10.0.40219.1
Project("{9A19103F-16F7-4668-BE54-9A1E7A4F7556}") = "myfirstbot", "myfirstbot\myfirstbot.csproj", "{BC76F4AF-5475-47D1-A5E4-226D565D9687}"
EndProject
Project("{FAE04EC0-301F-11D3-BF4B-00C04F79EFBC}") = "myfirstbot.unittest", "myfirstbot.unittest\myfirstbot.unittest.csproj", "{CE4BA48A-21CD-4BBF-8231-48E838D0257E}"
EndProject
Global
	GlobalSection(SolutionConfigurationPlatforms) = preSolution
		Debug|Any CPU = Debug|Any CPU
		Release|Any CPU = Release|Any CPU
	EndGlobalSection
	GlobalSection(ProjectConfigurationPlatforms) = postSolution
		{BC76F4AF-5475-47D1-A5E4-226D565D9687}.Debug|Any CPU.ActiveCfg = Debug|Any CPU
		{BC76F4AF-5475-47D1-A5E4-226D565D9687}.Debug|Any CPU.Build.0 = Debug|Any CPU
		{BC76F4AF-5475-47D1-A5E4-226D565D9687}.Release|Any CPU.ActiveCfg = Release|Any CPU
		{BC76F4AF-5475-47D1-A5E4-226D565D9687}.Release|Any CPU.Build.0 = Release|Any CPU
		{CE4BA48A-21CD-4BBF-8231-48E838D0257E}.Debug|Any CPU.ActiveCfg = Debug|Any CPU
		{CE4BA48A-21CD-4BBF-8231-48E838D0257E}.Debug|Any CPU.Build.0 = Debug|Any CPU
		{CE4BA48A-21CD-4BBF-8231-48E838D0257E}.Release|Any CPU.ActiveCfg = Release|Any CPU
		{CE4BA48A-21CD-4BBF-8231-48E838D0257E}.Release|Any CPU.Build.0 = Release|Any CPU
	EndGlobalSection
	GlobalSection(SolutionProperties) = preSolution
		HideSolutionNode = FALSE
	EndGlobalSection
	GlobalSection(ExtensibilityGlobals) = postSolution
		SolutionGuid = {B24E0249-4FB8-4CCD-A962-FB203F5BA580}
	EndGlobalSection
EndGlobal
